
Microsoft Visual Studio Solution File, Format Version 12.00
# Visual Studio Version 17
VisualStudioVersion = 17.13.35931.197
MinimumVisualStudioVersion = 10.0.40219.1
Project("{FAE04EC0-301F-11D3-BF4B-00C04F79EFBC}") = "DAL", "DAL\DAL.csproj", "{656E5AF0-217B-4220-82C9-8F96DBF77E99}"
EndProject
Project("{FAE04EC0-301F-11D3-BF4B-00C04F79EFBC}") = "BLL", "BLL\BLL.csproj", "{88F0A42A-22DF-44E4-B20F-2C14CC648A2C}"
EndProject
Project("{FAE04EC0-301F-11D3-BF4B-00C04F79EFBC}") = "OnlineShop.API", "OnlineShop.API\OnlineShop.API.csproj", "{C609FB1B-EE26-4A67-976C-FBBEF5B982A0}"
EndProject
Project("{FAE04EC0-301F-11D3-BF4B-00C04F79EFBC}") = "OnlineShop.Tests", "OnlineShop.Tests\OnlineShop.Tests.csproj", "{EB44995D-F346-4F41-91C0-96EB3FB8C6B6}"
EndProject
Global
	GlobalSection(SolutionConfigurationPlatforms) = preSolution
		Debug|Any CPU = Debug|Any CPU
		Release|Any CPU = Release|Any CPU
	EndGlobalSection
	GlobalSection(ProjectConfigurationPlatforms) = postSolution
		{656E5AF0-217B-4220-82C9-8F96DBF77E99}.Debug|Any CPU.ActiveCfg = Debug|Any CPU
		{656E5AF0-217B-4220-82C9-8F96DBF77E99}.Debug|Any CPU.Build.0 = Debug|Any CPU
		{656E5AF0-217B-4220-82C9-8F96DBF77E99}.Release|Any CPU.ActiveCfg = Release|Any CPU
		{656E5AF0-217B-4220-82C9-8F96DBF77E99}.Release|Any CPU.Build.0 = Release|Any CPU
		{88F0A42A-22DF-44E4-B20F-2C14CC648A2C}.Debug|Any CPU.ActiveCfg = Debug|Any CPU
		{88F0A42A-22DF-44E4-B20F-2C14CC648A2C}.Debug|Any CPU.Build.0 = Debug|Any CPU
		{88F0A42A-22DF-44E4-B20F-2C14CC648A2C}.Release|Any CPU.ActiveCfg = Release|Any CPU
		{88F0A42A-22DF-44E4-B20F-2C14CC648A2C}.Release|Any CPU.Build.0 = Release|Any CPU
		{C609FB1B-EE26-4A67-976C-FBBEF5B982A0}.Debug|Any CPU.ActiveCfg = Debug|Any CPU
		{C609FB1B-EE26-4A67-976C-FBBEF5B982A0}.Debug|Any CPU.Build.0 = Debug|Any CPU
		{C609FB1B-EE26-4A67-976C-FBBEF5B982A0}.Release|Any CPU.ActiveCfg = Release|Any CPU
		{C609FB1B-EE26-4A67-976C-FBBEF5B982A0}.Release|Any CPU.Build.0 = Release|Any CPU
		{EB44995D-F346-4F41-91C0-96EB3FB8C6B6}.Debug|Any CPU.ActiveCfg = Debug|Any CPU
		{EB44995D-F346-4F41-91C0-96EB3FB8C6B6}.Debug|Any CPU.Build.0 = Debug|Any CPU
		{EB44995D-F346-4F41-91C0-96EB3FB8C6B6}.Release|Any CPU.ActiveCfg = Release|Any CPU
		{EB44995D-F346-4F41-91C0-96EB3FB8C6B6}.Release|Any CPU.Build.0 = Release|Any CPU
	EndGlobalSection
	GlobalSection(SolutionProperties) = preSolution
		HideSolutionNode = FALSE
	EndGlobalSection
	GlobalSection(ExtensibilityGlobals) = postSolution
		SolutionGuid = {B0F83A75-55B5-4679-8628-AE98B40E7047}
	EndGlobalSection
EndGlobal
